Microsoft Visual Studio Solution File, Format Version 12.00
# Visual Studio Version 17
VisualStudioVersion = 17.5.2.0
MinimumVisualStudioVersion = 10.0.40219.1
Project("{FAE04EC0-301F-11D3-BF4B-00C04F79EFBC}") = "DragonGlare.MonoGame", "DragonGlare.MonoGame.csproj", "{CA10BFAD-C38D-DA7D-5DB8-0D666D31FC61}"
EndProject
Project("{FAE04EC0-301F-11D3-BF4B-00C04F79EFBC}") = "DragonGlareAlpha.Tests", "DragonGlareAlpha.Tests\DragonGlareAlpha.Tests.csproj", "{E0FF913A-31F7-4180-AB39-6BEA95B71949}"
EndProject
Global
	GlobalSection(SolutionConfigurationPlatforms) = preSolution
		Debug|Any CPU = Debug|Any CPU
		Release|Any CPU = Release|Any CPU
	EndGlobalSection
	GlobalSection(ProjectConfigurationPlatforms) = postSolution
		{CA10BFAD-C38D-DA7D-5DB8-0D666D31FC61}.Debug|Any CPU.ActiveCfg = Debug|Any CPU
		{CA10BFAD-C38D-DA7D-5DB8-0D666D31FC61}.Debug|Any CPU.Build.0 = Debug|Any CPU
		{CA10BFAD-C38D-DA7D-5DB8-0D666D31FC61}.Release|Any CPU.ActiveCfg = Release|Any CPU
		{CA10BFAD-C38D-DA7D-5DB8-0D666D31FC61}.Release|Any CPU.Build.0 = Release|Any CPU
		{E0FF913A-31F7-4180-AB39-6BEA95B71949}.Debug|Any CPU.ActiveCfg = Debug|Any CPU
		{E0FF913A-31F7-4180-AB39-6BEA95B71949}.Debug|Any CPU.Build.0 = Debug|Any CPU
		{E0FF913A-31F7-4180-AB39-6BEA95B71949}.Release|Any CPU.ActiveCfg = Release|Any CPU
		{E0FF913A-31F7-4180-AB39-6BEA95B71949}.Release|Any CPU.Build.0 = Release|Any CPU
	EndGlobalSection
	GlobalSection(SolutionProperties) = preSolution
		HideSolutionNode = FALSE
	EndGlobalSection
	GlobalSection(ExtensibilityGlobals) = postSolution
		SolutionGuid = {1DC766D4-401E-4B86-B9A2-2CA51FD7546B}
	EndGlobalSection
EndGlobal
